{
  "name": "schiffi",
  "version": "0.1.0",
  "lockfileVersion": 3,
  "requires": true,
  "packages": {
    "": {
      "name": "schiffi",
      "version": "0.1.0",
      "workspaces": [
        "shared",
        "server",
        "client"
      ],
      "engines": {
        "node": ">=22.5.0"
      }
    },
    "node_modules/@node-rs/argon2": {
      "version": "2.2.0",
      "resolved": "https://registry.npmjs.org/@node-rs/argon2/-/argon2-2.2.0.tgz",
      "integrity": "sha512-iBItNNiiim2nzhmUY4uxA4nYaNBatj8Ae/YnlwQzRYRFiBysm2scfsyjO+ktH+7VHl1O24UwFd2EeihV4IJzxw==",
      "license": "MIT",
      "engines": {
        "node": ">= 10"
      },
      "optionalDependencies": {
        "@node-rs/argon2-android-arm-eabi": "2.2.0",
        "@node-rs/argon2-android-arm64": "2.2.0",
        "@node-rs/argon2-darwin-arm64": "2.2.0",
        "@node-rs/argon2-darwin-x64": "2.2.0",
        "@node-rs/argon2-freebsd-x64": "2.2.0",
        "@node-rs/argon2-linux-arm-gnueabihf": "2.2.0",
        "@node-rs/argon2-linux-arm64-gnu": "2.2.0",
        "@node-rs/argon2-linux-arm64-musl": "2.2.0",
        "@node-rs/argon2-linux-x64-gnu": "2.2.0",
        "@node-rs/argon2-linux-x64-musl": "2.2.0",
        "@node-rs/argon2-win32-arm64-msvc": "2.2.0",
        "@node-rs/argon2-win32-ia32-msvc": "2.2.0",
        "@node-rs/argon2-win32-x64-msvc": "2.2.0"
      }
    },
    "node_modules/@node-rs/argon2-android-arm-eabi": {
      "version": "2.2.0",
      "resolved": "https://registry.npmjs.org/@node-rs/argon2-android-arm-eabi/-/argon2-android-arm-eabi-2.2.0.tgz",
      "integrity": "sha512-xbJvpiTlYqKxq5XRkhQlZNiIRE4fZPFJdB46jOPED8pGkxgn1erMMdVCPWp1RcOxuChaiEOl8DVu5sVVu9ApVw==",
      "cpu": [
        "arm"
      ],
      "license": "MIT",
      "optional": true,
      "os": [
        "android"
      ],
      "engines": {
        "node": ">= 10"
      }
    },
    "node_modules/@node-rs/argon2-android-arm64": {
      "version": "2.2.0",
      "resolved": "https://registry.npmjs.org/@node-rs/argon2-android-arm64/-/argon2-android-arm64-2.2.0.tgz",
      "integrity": "sha512-i47xYwh8GNKc0yNwFQz7Hqsx6pBZJsJ1hqRXmtThOXbjl6HoVlX7oGBpqq4s+sBrU8ba0kubAqJ8fBjtp4iwHQ==",
      "cpu": [
        "arm64"
      ],
      "license": "MIT",
      "optional": true,
      "os": [
        "android"
      ],
      "engines": {
        "node": ">= 10"
      }
    },
    "node_modules/@node-rs/argon2-darwin-arm64": {
      "version": "2.2.0",
      "resolved": "https://registry.npmjs.org/@node-rs/argon2-darwin-arm64/-/argon2-darwin-arm64-2.2.0.tgz",
      "integrity": "sha512-Zet1ekAQPUczRQ6cmFCpQyScg9346SnzYt7CRWPd4GCs8CBOOK34PrtbazdReHcBxUgSDnhMhDWnO0jmtJ15sQ==",
      "cpu": [
        "arm64"
      ],
      "license": "MIT",
      "optional": true,
      "os": [
        "darwin"
      ],
      "engines": {
        "node": ">= 10"
      }
    },
    "node_modules/@node-rs/argon2-darwin-x64": {
      "version": "2.2.0",
      "resolved": "https://registry.npmjs.org/@node-rs/argon2-darwin-x64/-/argon2-darwin-x64-2.2.0.tgz",
      "integrity": "sha512-JeOpmf5glG9MTS+qt6VZ3tUUZdQ3Kll/e18yUeBmDRSKQDN0AJs5ruzqV08DOclVUqXG0IF2DVhbE825RN96yA==",
      "cpu": [
        "x64"
      ],
      "license": "MIT",
      "optional": true,
      "os": [
        "darwin"
      ],
      "engines": {
        "node": ">= 10"
      }
    },
    "node_modules/@node-rs/argon2-freebsd-x64": {
      "version": "2.2.0",
      "resolved": "https://registry.npmjs.org/@node-rs/argon2-freebsd-x64/-/argon2-freebsd-x64-2.2.0.tgz",
      "integrity": "sha512-w7R4yoAcOlZctOz7EHhf2hFHSuRyJcphMZAcyKRJ3Sxu8APjqifLepOkuXC1Gat08DYFTI51RMPj7sMU36KcGA==",
      "cpu": [
        "x64"
      ],
      "license": "MIT",
      "optional": true,
      "os": [
        "freebsd"
      ],
      "engines": {
        "node": ">= 10"
      }
    },
    "node_modules/@node-rs/argon2-linux-arm-gnueabihf": {
      "version": "2.2.0",
      "resolved": "https://registry.npmjs.org/@node-rs/argon2-linux-arm-gnueabihf/-/argon2-linux-arm-gnueabihf-2.2.0.tgz",
      "integrity": "sha512-H5uGMLmj2vor3YDAX+LIyw4yGXEESXvr5voyRK+AuxdIvZ/B7mxma06IOmb+4n9t/MQ1Lbwu7gkyWt8f3wyrNA==",
      "cpu": [
        "arm"
      ],
      "license": "MIT",
      "optional": true,
      "os": [
        "linux"
      ],
      "engines": {
        "node": ">= 10"
      }
    },
    "node_modules/@node-rs/argon2-linux-arm64-gnu": {
      "version": "2.2.0",
      "resolved": "https://registry.npmjs.org/@node-rs/argon2-linux-arm64-gnu/-/argon2-linux-arm64-gnu-2.2.0.tgz",
      "integrity": "sha512-P0A+tUMI7NwImaK7txceScl7d18GAw4hkt27NChZIZdD55w7qZ81LFcA4cEP9L6kgdubItlAqcD/qBR5XMCd5Q==",
      "cpu": [
        "arm64"
      ],
      "license": "MIT",
      "optional": true,
      "os": [
        "linux"
      ],
      "engines": {
        "node": ">= 10"
      }
    },
    "node_modules/@node-rs/argon2-linux-arm64-musl": {
      "version": "2.2.0",
      "resolved": "https://registry.npmjs.org/@node-rs/argon2-linux-arm64-musl/-/argon2-linux-arm64-musl-2.2.0.tgz",
      "integrity": "sha512-i5s9msRRy+m/yul9M+1OF7fN/VqhJ+4IalPn1rhyrE3gwNcgfoT+A0DuAqR5gtXmDb3zx+QWIjtHCLhvkvu23g==",
      "cpu": [
        "arm64"
      ],
      "license": "MIT",
      "optional": true,
      "os": [
        "linux"
      ],
      "engines": {
        "node": ">= 10"
      }
    },
    "node_modules/@node-rs/argon2-linux-x64-gnu": {
      "version": "2.2.0",
      "resolved": "https://registry.npmjs.org/@node-rs/argon2-linux-x64-gnu/-/argon2-linux-x64-gnu-2.2.0.tgz",
      "integrity": "sha512-R6oaRA2Iesbsexe06Aeydbdz617WD2lE6yDcb4t5T+0iGM1VyVpI+nNpcAtkcXyO6Dgmuhh+3RKbm/F2CSBt1w==",
      "cpu": [
        "x64"
      ],
      "license": "MIT",
      "optional": true,
      "os": [
        "linux"
      ],
      "engines": {
        "node": ">= 10"
      }
    },
    "node_modules/@node-rs/argon2-linux-x64-musl": {
      "version": "2.2.0",
      "resolved": "https://registry.npmjs.org/@node-rs/argon2-linux-x64-musl/-/argon2-linux-x64-musl-2.2.0.tgz",
      "integrity": "sha512-Paql63t7XusSTYMSfEQ0ex5edubWX/OhvLRYsC+oQxWiC+3x2WcYWp+fWVwdlAm+eJRsIOj6w3iG3yDy94ZL8A==",
      "cpu": [
        "x64"
      ],
      "license": "MIT",
      "optional": true,
      "os": [
        "linux"
      ],
      "engines": {
        "node": ">= 10"
      }
    },
    "node_modules/@node-rs/argon2-win32-arm64-msvc": {
      "version": "2.2.0",
      "resolved": "https://registry.npmjs.org/@node-rs/argon2-win32-arm64-msvc/-/argon2-win32-arm64-msvc-2.2.0.tgz",
      "integrity": "sha512-ysl+KaEeYVBKY3/J4w3VKD7KVHATpsJ/TMtxjmVyX8KEhwemH2qmlyZcVQb5fPy+Yk18g7cHu7LYuDffROo8pw==",
      "cpu": [
        "arm64"
      ],
      "license": "MIT",
      "optional": true,
      "os": [
        "win32"
      ],
      "engines": {
        "node": ">= 10"
      }
    },
    "node_modules/@node-rs/argon2-win32-ia32-msvc": {
      "version": "2.2.0",
      "resolved": "https://registry.npmjs.org/@node-rs/argon2-win32-ia32-msvc/-/argon2-win32-ia32-msvc-2.2.0.tgz",
      "integrity": "sha512-2Hp0RtOgM8jxcTsrtYlIkfk0PQXFnENyqvEuFTNCHMFSWhV8D/Ds2OrWSmjWTGQhLNWNp2JrX4XKsZM0+PB3NA==",
      "cpu": [
        "ia32"
      ],
      "license": "MIT",
      "optional": true,
      "os": [
        "win32"
      ],
      "engines": {
        "node": ">= 10"
      }
    },
    "node_modules/@node-rs/argon2-win32-x64-msvc": {
      "version": "2.2.0",
      "resolved": "https://registry.npmjs.org/@node-rs/argon2-win32-x64-msvc/-/argon2-win32-x64-msvc-2.2.0.tgz",
      "integrity": "sha512-cfcNjVqLpgOU/9l2mLOFduuXTxvGH5qoV38AhcOz9oQaC7GDmsFbAgcuizVNuOtpSyQr5HoQez3f2X2jYgGMsg==",
      "cpu": [
        "x64"
      ],
      "license": "MIT",
      "optional": true,
      "os": [
        "win32"
      ],
      "engines": {
        "node": ">= 10"
      }
    },
    "node_modules/@schiffi/server": {
      "resolved": "server",
      "link": true
    },
    "node_modules/@schiffi/shared": {
      "resolved": "shared",
      "link": true
    },
    "server": {
      "name": "@schiffi/server",
      "version": "0.1.0",
      "dependencies": {
        "@node-rs/argon2": "^2.2.0",
        "@schiffi/shared": "*"
      }
    },
    "shared": {
      "name": "@schiffi/shared",
      "version": "0.1.0"
    }
  }
}
